
Microsoft Visual Studio Solution File, Format Version 12.00
# Visual Studio Version 16
VisualStudioVersion = 16.0.32901.82
MinimumVisualStudioVersion = 10.0.40219.1
Project("{FAE04EC0-301F-11D3-BF4B-00C04F79EFBC}") = "FactoryPattern", "FactoryPattern.csproj", "{062448D4-D82C-4721-9D2E-7495353403EA}"
EndProject
Global
	GlobalSection(SolutionConfigurationPlatforms) = preSolution
		Debug|Any CPU = Debug|Any CPU
		Release|Any CPU = Release|Any CPU
	EndGlobalSection
	GlobalSection(ProjectConfigurationPlatforms) = postSolution
		{062448D4-D82C-4721-9D2E-7495353403EA}.Debug|Any CPU.ActiveCfg = Debug|Any CPU
		{062448D4-D82C-4721-9D2E-7495353403EA}.Debug|Any CPU.Build.0 = Debug|Any CPU
		{062448D4-D82C-4721-9D2E-7495353403EA}.Release|Any CPU.ActiveCfg = Release|Any CPU
		{062448D4-D82C-4721-9D2E-7495353403EA}.Release|Any CPU.Build.0 = Release|Any CPU
	EndGlobalSection
	GlobalSection(SolutionProperties) = preSolution
		HideSolutionNode = FALSE
	EndGlobalSection
	GlobalSection(ExtensibilityGlobals) = postSolution
		SolutionGuid = {A9D9B29E-EE2E-4111-85D8-86BCA0EAD568}
	EndGlobalSection
EndGlobal
