
Microsoft Visual Studio Solution File, Format Version 12.00
# Visual Studio Version 16
VisualStudioVersion = 16.0.32901.82
MinimumVisualStudioVersion = 10.0.40219.1
Project("{FAE04EC0-301F-11D3-BF4B-00C04F79EFBC}") = "Interface", "Interface.csproj", "{C908995C-31C3-45E5-8E52-F9400D3D3DF6}"
EndProject
Global
	GlobalSection(SolutionConfigurationPlatforms) = preSolution
		Debug|Any CPU = Debug|Any CPU
		Release|Any CPU = Release|Any CPU
	EndGlobalSection
	GlobalSection(ProjectConfigurationPlatforms) = postSolution
		{C908995C-31C3-45E5-8E52-F9400D3D3DF6}.Debug|Any CPU.ActiveCfg = Debug|Any CPU
		{C908995C-31C3-45E5-8E52-F9400D3D3DF6}.Debug|Any CPU.Build.0 = Debug|Any CPU
		{C908995C-31C3-45E5-8E52-F9400D3D3DF6}.Release|Any CPU.ActiveCfg = Release|Any CPU
		{C908995C-31C3-45E5-8E52-F9400D3D3DF6}.Release|Any CPU.Build.0 = Release|Any CPU
	EndGlobalSection
	GlobalSection(SolutionProperties) = preSolution
		HideSolutionNode = FALSE
	EndGlobalSection
	GlobalSection(ExtensibilityGlobals) = postSolution
		SolutionGuid = {F036F04B-4806-4787-8C1B-9CD265E765E2}
	EndGlobalSection
EndGlobal
